
Microsoft Visual Studio Solution File, Format Version 12.00
# Visual Studio 2012
Project("{EDCC3B85-0BAD-11DB-BC1A-00112FDE8B61}") = "Nemerle.Pinvoke.CParser", "Nemerle.Pinvoke.CParser\Nemerle.Pinvoke.CParser.nproj", "{5997A485-1B4B-4844-B751-7D960CD66EF0}"
EndProject
Project("{EDCC3B85-0BAD-11DB-BC1A-00112FDE8B61}") = "Nemerle.Pinvoke.Tests", "Nemerle.Pinvoke.Tests\Nemerle.Pinvoke.Tests.nproj", "{4A5AE1D3-2705-4A1F-9FE5-07BC3504C16D}"
EndProject
Project("{EDCC3B85-0BAD-11DB-BC1A-00112FDE8B61}") = "Nemerle.Pinvoke.Tests.Macros", "Nemerle.Pinvoke.Tests.Macros\Nemerle.Pinvoke.Tests.Macros.nproj", "{E05FAF9E-DCC6-4FF8-8ACF-FC8E175FAB72}"
EndProject
Project("{EDCC3B85-0BAD-11DB-BC1A-00112FDE8B61}") = "Nemerle.Pinvoke.CParser.Macros", "Nemerle.Pinvoke.CParser.Macros\Nemerle.Pinvoke.CParser.Macros.nproj", "{6B7E8233-98D5-4F40-9053-3338007993BC}"
EndProject
Project("{EDCC3B85-0BAD-11DB-BC1A-00112FDE8B61}") = "Nemerle.Pinvoke.Macros", "Nemerle.Pinvoke.Macros\Nemerle.Pinvoke.Macros.nproj", "{FA2E9448-79B6-49B0-8116-534A52374D61}"
EndProject
Project("{EDCC3B85-0BAD-11DB-BC1A-00112FDE8B61}") = "Nemerle.Pinvoke.Victim", "Nemerle.Pinvoke.Victim\Nemerle.Pinvoke.Victim.nproj", "{84B5F8BB-57A2-45DC-ADE5-2BC51E51FAED}"
EndProject
Project("{EDCC3B85-0BAD-11DB-BC1A-00112FDE8B61}") = "Nemerle.Pinvoke.CParser.Visualizer.Macros", "Nemerle.Pinvoke.CParser.Visualizer.Macros\Nemerle.Pinvoke.CParser.Visualizer.Macros.nproj", "{0EBEADE8-9B2A-4559-83F8-5F74AC2B04EA}"
EndProject
Project("{EDCC3B85-0BAD-11DB-BC1A-00112FDE8B61}") = "Nemerle.Pinvoke.CParser.Visualizer", "Nemerle.Pinvoke.CParser.Visualizer\Nemerle.Pinvoke.CParser.Visualizer.nproj", "{72FAB0B9-7BA9-4958-B67A-3FE8017CE629}"
EndProject
Global
	GlobalSection(SolutionConfigurationPlatforms) = preSolution
		Debug|Any CPU = Debug|Any CPU
		Release|Any CPU = Release|Any CPU
	EndGlobalSection
	GlobalSection(ProjectConfigurationPlatforms) = postSolution
		{5997A485-1B4B-4844-B751-7D960CD66EF0}.Debug|Any CPU.ActiveCfg = Debug|Any CPU
		{5997A485-1B4B-4844-B751-7D960CD66EF0}.Debug|Any CPU.Build.0 = Debug|Any CPU
		{5997A485-1B4B-4844-B751-7D960CD66EF0}.Release|Any CPU.ActiveCfg = Release|Any CPU
		{5997A485-1B4B-4844-B751-7D960CD66EF0}.Release|Any CPU.Build.0 = Release|Any CPU
		{4A5AE1D3-2705-4A1F-9FE5-07BC3504C16D}.Debug|Any CPU.ActiveCfg = Debug|Any CPU
		{4A5AE1D3-2705-4A1F-9FE5-07BC3504C16D}.Debug|Any CPU.Build.0 = Debug|Any CPU
		{4A5AE1D3-2705-4A1F-9FE5-07BC3504C16D}.Release|Any CPU.ActiveCfg = Release|Any CPU
		{4A5AE1D3-2705-4A1F-9FE5-07BC3504C16D}.Release|Any CPU.Build.0 = Release|Any CPU
		{E05FAF9E-DCC6-4FF8-8ACF-FC8E175FAB72}.Debug|Any CPU.ActiveCfg = Debug|Any CPU
		{E05FAF9E-DCC6-4FF8-8ACF-FC8E175FAB72}.Debug|Any CPU.Build.0 = Debug|Any CPU
		{E05FAF9E-DCC6-4FF8-8ACF-FC8E175FAB72}.Release|Any CPU.ActiveCfg = Release|Any CPU
		{E05FAF9E-DCC6-4FF8-8ACF-FC8E175FAB72}.Release|Any CPU.Build.0 = Release|Any CPU
		{6B7E8233-98D5-4F40-9053-3338007993BC}.Debug|Any CPU.ActiveCfg = Debug|Any CPU
		{6B7E8233-98D5-4F40-9053-3338007993BC}.Debug|Any CPU.Build.0 = Debug|Any CPU
		{6B7E8233-98D5-4F40-9053-3338007993BC}.Release|Any CPU.ActiveCfg = Release|Any CPU
		{6B7E8233-98D5-4F40-9053-3338007993BC}.Release|Any CPU.Build.0 = Release|Any CPU
		{FA2E9448-79B6-49B0-8116-534A52374D61}.Debug|Any CPU.ActiveCfg = Debug|Any CPU
		{FA2E9448-79B6-49B0-8116-534A52374D61}.Debug|Any CPU.Build.0 = Debug|Any CPU
		{FA2E9448-79B6-49B0-8116-534A52374D61}.Release|Any CPU.ActiveCfg = Release|Any CPU
		{FA2E9448-79B6-49B0-8116-534A52374D61}.Release|Any CPU.Build.0 = Release|Any CPU
		{84B5F8BB-57A2-45DC-ADE5-2BC51E51FAED}.Debug|Any CPU.ActiveCfg = Debug|Any CPU
		{84B5F8BB-57A2-45DC-ADE5-2BC51E51FAED}.Debug|Any CPU.Build.0 = Debug|Any CPU
		{84B5F8BB-57A2-45DC-ADE5-2BC51E51FAED}.Release|Any CPU.ActiveCfg = Release|Any CPU
		{84B5F8BB-57A2-45DC-ADE5-2BC51E51FAED}.Release|Any CPU.Build.0 = Release|Any CPU
		{0EBEADE8-9B2A-4559-83F8-5F74AC2B04EA}.Debug|Any CPU.ActiveCfg = Debug|Any CPU
		{0EBEADE8-9B2A-4559-83F8-5F74AC2B04EA}.Debug|Any CPU.Build.0 = Debug|Any CPU
		{0EBEADE8-9B2A-4559-83F8-5F74AC2B04EA}.Release|Any CPU.ActiveCfg = Release|Any CPU
		{0EBEADE8-9B2A-4559-83F8-5F74AC2B04EA}.Release|Any CPU.Build.0 = Release|Any CPU
		{72FAB0B9-7BA9-4958-B67A-3FE8017CE629}.Debug|Any CPU.ActiveCfg = Debug|Any CPU
		{72FAB0B9-7BA9-4958-B67A-3FE8017CE629}.Debug|Any CPU.Build.0 = Debug|Any CPU
		{72FAB0B9-7BA9-4958-B67A-3FE8017CE629}.Release|Any CPU.ActiveCfg = Release|Any CPU
		{72FAB0B9-7BA9-4958-B67A-3FE8017CE629}.Release|Any CPU.Build.0 = Release|Any CPU
	EndGlobalSection
	GlobalSection(SolutionProperties) = preSolution
		HideSolutionNode = FALSE
	EndGlobalSection
EndGlobal
