
Microsoft Visual Studio Solution File, Format Version 12.00
# Visual Studio 2012
Project("{2150E333-8FDC-42A3-9474-1A3956D46DE8}") = "Visualizer", "Visualizer", "{ABF21964-F2A8-4972-9E8C-1330E031A3B2}"
EndProject
Project("{EDCC3B85-0BAD-11DB-BC1A-00112FDE8B61}") = "Nemerle.Pinvoke.CParser.Visualizer", "Nemerle.Pinvoke.CParser.Visualizer\Nemerle.Pinvoke.CParser.Visualizer.nproj", "{72FAB0B9-7BA9-4958-B67A-3FE8017CE629}"
EndProject
Project("{EDCC3B85-0BAD-11DB-BC1A-00112FDE8B61}") = "Nemerle.Pinvoke.CParser.Visualizer.Controls", "Nemerle.Pinvoke.CParser.Visualizer.Controls\Nemerle.Pinvoke.CParser.Visualizer.Controls.nproj", "{A2ECC929-D0C1-4DA2-847E-621865266192}"
EndProject
Project("{EDCC3B85-0BAD-11DB-BC1A-00112FDE8B61}") = "Nemerle.Pinvoke.CParser.Visualizer.Macros", "Nemerle.Pinvoke.CParser.Visualizer.Macros\Nemerle.Pinvoke.CParser.Visualizer.Macros.nproj", "{0EBEADE8-9B2A-4559-83F8-5F74AC2B04EA}"
EndProject
Project("{EDCC3B85-0BAD-11DB-BC1A-00112FDE8B61}") = "Nemerle.Pinvoke.CParser.Visualizer.Model", "Nemerle.Pinvoke.CParser.Visualizer.Model\Nemerle.Pinvoke.CParser.Visualizer.Model.nproj", "{1E7B9658-801F-46A9-B897-97B7D7316FB6}"
EndProject
Project("{EDCC3B85-0BAD-11DB-BC1A-00112FDE8B61}") = "Nemerle.Pinvoke.CParser.Visualizer.Commands", "Nemerle.Pinvoke.CParser.Visualizer.Commands\Nemerle.Pinvoke.CParser.Visualizer.Commands.nproj", "{B0EDE838-9A89-418B-BF6D-E1C454709CAF}"
EndProject
Project("{2150E333-8FDC-42A3-9474-1A3956D46DE8}") = "Parser", "Parser", "{E46C0F98-DDCE-4D92-BBEB-9EA57D4682B7}"
EndProject
Project("{EDCC3B85-0BAD-11DB-BC1A-00112FDE8B61}") = "Nemerle.Pinvoke.CParser", "Nemerle.Pinvoke.CParser\Nemerle.Pinvoke.CParser.nproj", "{5997A485-1B4B-4844-B751-7D960CD66EF0}"
EndProject
Project("{EDCC3B85-0BAD-11DB-BC1A-00112FDE8B61}") = "Nemerle.Pinvoke.CParser.Macros", "Nemerle.Pinvoke.CParser.Macros\Nemerle.Pinvoke.CParser.Macros.nproj", "{6B7E8233-98D5-4F40-9053-3338007993BC}"
EndProject
Global
	GlobalSection(SolutionConfigurationPlatforms) = preSolution
		Debug|Any CPU = Debug|Any CPU
		Release|Any CPU = Release|Any CPU
	EndGlobalSection
	GlobalSection(ProjectConfigurationPlatforms) = postSolution
		{72FAB0B9-7BA9-4958-B67A-3FE8017CE629}.Debug|Any CPU.ActiveCfg = Debug|Any CPU
		{72FAB0B9-7BA9-4958-B67A-3FE8017CE629}.Debug|Any CPU.Build.0 = Debug|Any CPU
		{72FAB0B9-7BA9-4958-B67A-3FE8017CE629}.Release|Any CPU.ActiveCfg = Release|Any CPU
		{72FAB0B9-7BA9-4958-B67A-3FE8017CE629}.Release|Any CPU.Build.0 = Release|Any CPU
		{A2ECC929-D0C1-4DA2-847E-621865266192}.Debug|Any CPU.ActiveCfg = Debug|Any CPU
		{A2ECC929-D0C1-4DA2-847E-621865266192}.Debug|Any CPU.Build.0 = Debug|Any CPU
		{A2ECC929-D0C1-4DA2-847E-621865266192}.Release|Any CPU.ActiveCfg = Release|Any CPU
		{A2ECC929-D0C1-4DA2-847E-621865266192}.Release|Any CPU.Build.0 = Release|Any CPU
		{0EBEADE8-9B2A-4559-83F8-5F74AC2B04EA}.Debug|Any CPU.ActiveCfg = Debug|Any CPU
		{0EBEADE8-9B2A-4559-83F8-5F74AC2B04EA}.Debug|Any CPU.Build.0 = Debug|Any CPU
		{0EBEADE8-9B2A-4559-83F8-5F74AC2B04EA}.Release|Any CPU.ActiveCfg = Release|Any CPU
		{0EBEADE8-9B2A-4559-83F8-5F74AC2B04EA}.Release|Any CPU.Build.0 = Release|Any CPU
		{1E7B9658-801F-46A9-B897-97B7D7316FB6}.Debug|Any CPU.ActiveCfg = Debug|Any CPU
		{1E7B9658-801F-46A9-B897-97B7D7316FB6}.Debug|Any CPU.Build.0 = Debug|Any CPU
		{1E7B9658-801F-46A9-B897-97B7D7316FB6}.Release|Any CPU.ActiveCfg = Release|Any CPU
		{1E7B9658-801F-46A9-B897-97B7D7316FB6}.Release|Any CPU.Build.0 = Release|Any CPU
		{B0EDE838-9A89-418B-BF6D-E1C454709CAF}.Debug|Any CPU.ActiveCfg = Debug|Any CPU
		{B0EDE838-9A89-418B-BF6D-E1C454709CAF}.Debug|Any CPU.Build.0 = Debug|Any CPU
		{B0EDE838-9A89-418B-BF6D-E1C454709CAF}.Release|Any CPU.ActiveCfg = Release|Any CPU
		{B0EDE838-9A89-418B-BF6D-E1C454709CAF}.Release|Any CPU.Build.0 = Release|Any CPU
		{5997A485-1B4B-4844-B751-7D960CD66EF0}.Debug|Any CPU.ActiveCfg = Debug|Any CPU
		{5997A485-1B4B-4844-B751-7D960CD66EF0}.Debug|Any CPU.Build.0 = Debug|Any CPU
		{5997A485-1B4B-4844-B751-7D960CD66EF0}.Release|Any CPU.ActiveCfg = Release|Any CPU
		{5997A485-1B4B-4844-B751-7D960CD66EF0}.Release|Any CPU.Build.0 = Release|Any CPU
		{6B7E8233-98D5-4F40-9053-3338007993BC}.Debug|Any CPU.ActiveCfg = Debug|Any CPU
		{6B7E8233-98D5-4F40-9053-3338007993BC}.Debug|Any CPU.Build.0 = Debug|Any CPU
		{6B7E8233-98D5-4F40-9053-3338007993BC}.Release|Any CPU.ActiveCfg = Release|Any CPU
		{6B7E8233-98D5-4F40-9053-3338007993BC}.Release|Any CPU.Build.0 = Release|Any CPU
	EndGlobalSection
	GlobalSection(SolutionProperties) = preSolution
		HideSolutionNode = FALSE
	EndGlobalSection
	GlobalSection(NestedProjects) = preSolution
		{72FAB0B9-7BA9-4958-B67A-3FE8017CE629} = {ABF21964-F2A8-4972-9E8C-1330E031A3B2}
		{A2ECC929-D0C1-4DA2-847E-621865266192} = {ABF21964-F2A8-4972-9E8C-1330E031A3B2}
		{0EBEADE8-9B2A-4559-83F8-5F74AC2B04EA} = {ABF21964-F2A8-4972-9E8C-1330E031A3B2}
		{1E7B9658-801F-46A9-B897-97B7D7316FB6} = {ABF21964-F2A8-4972-9E8C-1330E031A3B2}
		{B0EDE838-9A89-418B-BF6D-E1C454709CAF} = {ABF21964-F2A8-4972-9E8C-1330E031A3B2}
		{5997A485-1B4B-4844-B751-7D960CD66EF0} = {E46C0F98-DDCE-4D92-BBEB-9EA57D4682B7}
		{6B7E8233-98D5-4F40-9053-3338007993BC} = {E46C0F98-DDCE-4D92-BBEB-9EA57D4682B7}
	EndGlobalSection
EndGlobal
